
Microsoft Visual Studio Solution File, Format Version 12.00
# Visual Studio Version 16
VisualStudioVersion = 16.0.31005.135
MinimumVisualStudioVersion = 10.0.40219.1
Project("{FAE04EC0-301F-11D3-BF4B-00C04F79EFBC}") = "MiBand-Heartrate-2", "MiBand-Heartrate-2\MiBand-Heartrate-2.csproj", "{53822A35-87B0-42CE-8680-B92532ACB3EB}"
EndProject
Global
	GlobalSection(SolutionConfigurationPlatforms) = preSolution
		Debug|Any CPU = Debug|Any CPU
		Release|Any CPU = Release|Any CPU
	EndGlobalSection
	GlobalSection(ProjectConfigurationPlatforms) = postSolution
		{53822A35-87B0-42CE-8680-B92532ACB3EB}.Debug|Any CPU.ActiveCfg = Debug|Any CPU
		{53822A35-87B0-42CE-8680-B92532ACB3EB}.Debug|Any CPU.Build.0 = Debug|Any CPU
		{53822A35-87B0-42CE-8680-B92532ACB3EB}.Release|Any CPU.ActiveCfg = Release|Any CPU
		{53822A35-87B0-42CE-8680-B92532ACB3EB}.Release|Any CPU.Build.0 = Release|Any CPU
	EndGlobalSection
	GlobalSection(SolutionProperties) = preSolution
		HideSolutionNode = FALSE
	EndGlobalSection
	GlobalSection(ExtensibilityGlobals) = postSolution
		SolutionGuid = {7CB0CC6F-7554-4ED7-91B9-6A9511DAE2A3}
	EndGlobalSection
EndGlobal
